// !$*UTF8*$!
{
	archiveVersion = 1;
	classes = {
	};
	objectVersion = 51;
	objects = {

/* Begin PBXBuildFile section */
		8AE38A4D0D9A34F83F028B80 /* Pods_RNDM.framework in Frameworks */ = {isa = PBXBuildFile; fileRef = FA1ECF95E458CB725260440E /* Pods_RNDM.framework */; };
		DD0B8C2B23D87AB400B76627 /* AppDelegate.swift in Sources */ = {isa = PBXBuildFile; fileRef = DD0B8C2A23D87AB400B76627 /* AppDelegate.swift */; };
		DD0B8C2D23D87AB400B76627 /* SceneDelegate.swift in Sources */ = {isa = PBXBuildFile; fileRef = DD0B8C2C23D87AB400B76627 /* SceneDelegate.swift */; };
		DD0B8C2F23D87AB400B76627 /* MainVC.swift in Sources */ = {isa = PBXBuildFile; fileRef = DD0B8C2E23D87AB400B76627 /* MainVC.swift */; };
		DD0B8C3223D87AB400B76627 /* Main.storyboard in Resources */ = {isa = PBXBuildFile; fileRef = DD0B8C3023D87AB400B76627 /* Main.storyboard */; };
		DD0B8C3423D87AB500B76627 /* Assets.xcassets in Resources */ = {isa = PBXBuildFile; fileRef = DD0B8C3323D87AB500B76627 /* Assets.xcassets */; };
		DD0B8C3723D87AB500B76627 /* LaunchScreen.storyboard in Resources */ = {isa = PBXBuildFile; fileRef = DD0B8C3523D87AB500B76627 /* LaunchScreen.storyboard */; };
		DD0B8C3F23D87C9E00B76627 /* GoogleService-Info.plist in Resources */ = {isa = PBXBuildFile; fileRef = DD0B8C3E23D87C9E00B76627 /* GoogleService-Info.plist */; };
		DD55911A23DBF060006A9C0C /* AddThoughtVC.swift in Sources */ = {isa = PBXBuildFile; fileRef = DD55911923DBF060006A9C0C /* AddThoughtVC.swift */; };
		DD5DD5B723E08AE0007A9502 /* LoginVC.swift in Sources */ = {isa = PBXBuildFile; fileRef = DD5DD5B623E08AE0007A9502 /* LoginVC.swift */; };
		DD8CF39023DC3E750078D348 /* Constants.swift in Sources */ = {isa = PBXBuildFile; fileRef = DD8CF38F23DC3E750078D348 /* Constants.swift */; };
		DD8CF39223DD2DCB0078D348 /* Thought.swift in Sources */ = {isa = PBXBuildFile; fileRef = DD8CF39123DD2DCB0078D348 /* Thought.swift */; };
		DD8CF39423DD377B0078D348 /* ThoughtCell.swift in Sources */ = {isa = PBXBuildFile; fileRef = DD8CF39323DD377B0078D348 /* ThoughtCell.swift */; };
		DDD1E53523E5447900968D6A /* CreateUserVC.swift in Sources */ = {isa = PBXBuildFile; fileRef = DDD1E53423E5447900968D6A /* CreateUserVC.swift */; };
/* End PBXBuildFile section */

/* Begin PBXFileReference section */
		A53DCCEFB7B58CA0FECF7479 /* Pods-RNDM.debug.xcconfig */ = {isa = PBXFileReference; includeInIndex = 1; lastKnownFileType = text.xcconfig; name = "Pods-RNDM.debug.xcconfig"; path = "Target Support Files/Pods-RNDM/Pods-RNDM.debug.xcconfig"; sourceTree = "<group>"; };
		B480757135128AD9E1344F0C /* Pods-RNDM.release.xcconfig */ = {isa = PBXFileReference; includeInIndex = 1; lastKnownFileType = text.xcconfig; name = "Pods-RNDM.release.xcconfig"; path = "Target Support Files/Pods-RNDM/Pods-RNDM.release.xcconfig"; sourceTree = "<group>"; };
		DD0B8C2723D87AB400B76627 /* RNDM.app */ = {isa = PBXFileReference; explicitFileType = wrapper.application; includeInIndex = 0; path = RNDM.app; sourceTree = BUILT_PRODUCTS_DIR; };
		DD0B8C2A23D87AB400B76627 /* AppDelegate.swift */ = {isa = PBXFileReference; lastKnownFileType = sourcecode.swift; path = AppDelegate.swift; sourceTree = "<group>"; };
		DD0B8C2C23D87AB400B76627 /* SceneDelegate.swift */ = {isa = PBXFileReference; lastKnownFileType = sourcecode.swift; path = SceneDelegate.swift; sourceTree = "<group>"; };
		DD0B8C2E23D87AB400B76627 /* MainVC.swift */ = {isa = PBXFileReference; lastKnownFileType = sourcecode.swift; path = MainVC.swift; sourceTree = "<group>"; };
		DD0B8C3123D87AB400B76627 /* Base */ = {isa = PBXFileReference; lastKnownFileType = file.storyboard; name = Base; path = Base.lproj/Main.storyboard; sourceTree = "<group>"; };
		DD0B8C3323D87AB500B76627 /* Assets.xcassets */ = {isa = PBXFileReference; lastKnownFileType = folder.assetcatalog; path = Assets.xcassets; sourceTree = "<group>"; };
		DD0B8C3623D87AB500B76627 /* Base */ = {isa = PBXFileReference; lastKnownFileType = file.storyboard; name = Base; path = Base.lproj/LaunchScreen.storyboard; sourceTree = "<group>"; };
		DD0B8C3823D87AB500B76627 /* Info.plist */ = {isa = PBXFileReference; lastKnownFileType = text.plist.xml; path = Info.plist; sourceTree = "<group>"; };
		DD0B8C3E23D87C9E00B76627 /* GoogleService-Info.plist */ = {isa = PBXFileReference; fileEncoding = 4; lastKnownFileType = text.plist.xml; path = "GoogleService-Info.plist"; sourceTree = "<group>"; };
		DD55911923DBF060006A9C0C /* AddThoughtVC.swift */ = {isa = PBXFileReference; lastKnownFileType = sourcecode.swift; path = AddThoughtVC.swift; sourceTree = "<group>"; };
		DD5DD5B623E08AE0007A9502 /* LoginVC.swift */ = {isa = PBXFileReference; lastKnownFileType = sourcecode.swift; path = LoginVC.swift; sourceTree = "<group>"; };
		DD8CF38F23DC3E750078D348 /* Constants.swift */ = {isa = PBXFileReference; lastKnownFileType = sourcecode.swift; path = Constants.swift; sourceTree = "<group>"; };
		DD8CF39123DD2DCB0078D348 /* Thought.swift */ = {isa = PBXFileReference; lastKnownFileType = sourcecode.swift; path = Thought.swift; sourceTree = "<group>"; };
		DD8CF39323DD377B0078D348 /* ThoughtCell.swift */ = {isa = PBXFileReference; lastKnownFileType = sourcecode.swift; path = ThoughtCell.swift; sourceTree = "<group>"; };
		DDD1E53423E5447900968D6A /* CreateUserVC.swift */ = {isa = PBXFileReference; lastKnownFileType = sourcecode.swift; path = CreateUserVC.swift; sourceTree = "<group>"; };
		FA1ECF95E458CB725260440E /* Pods_RNDM.framework */ = {isa = PBXFileReference; explicitFileType = wrapper.framework; includeInIndex = 0; path = Pods_RNDM.framework; sourceTree = BUILT_PRODUCTS_DIR; };
/* End PBXFileReference section */

/* Begin PBXFrameworksBuildPhase section */
		DD0B8C2423D87AB400B76627 /* Frameworks */ = {
			isa = PBXFrameworksBuildPhase;
			buildActionMask = 2147483647;
			files = (
				8AE38A4D0D9A34F83F028B80 /* Pods_RNDM.framework in Frameworks */,
			);
			runOnlyForDeploymentPostprocessing = 0;
		};
/* End PBXFrameworksBuildPhase section */

/* Begin PBXGroup section */
		6C0A80B1271712FD2FFC283D /* Pods */ = {
			isa = PBXGroup;
			children = (
				A53DCCEFB7B58CA0FECF7479 /* Pods-RNDM.debug.xcconfig */,
				B480757135128AD9E1344F0C /* Pods-RNDM.release.xcconfig */,
			);
			path = Pods;
			sourceTree = "<group>";
		};
		8C667628848087CFD7EE3868 /* Frameworks */ = {
			isa = PBXGroup;
			children = (
				FA1ECF95E458CB725260440E /* Pods_RNDM.framework */,
			);
			name = Frameworks;
			sourceTree = "<group>";
		};
		DD0B8C1E23D87AB400B76627 = {
			isa = PBXGroup;
			children = (
				DD0B8C2923D87AB400B76627 /* RNDM */,
				DD0B8C2823D87AB400B76627 /* Products */,
				6C0A80B1271712FD2FFC283D /* Pods */,
				8C667628848087CFD7EE3868 /* Frameworks */,
			);
			sourceTree = "<group>";
		};
		DD0B8C2823D87AB400B76627 /* Products */ = {
			isa = PBXGroup;
			children = (
				DD0B8C2723D87AB400B76627 /* RNDM.app */,
			);
			name = Products;
			sourceTree = "<group>";
		};
		DD0B8C2923D87AB400B76627 /* RNDM */ = {
			isa = PBXGroup;
			children = (
				DD8CF38E23DC3E610078D348 /* Utilities */,
				DD55911C23DBF0D4006A9C0C /* Model */,
				DD55911D23DBF0DD006A9C0C /* View */,
				DD55911B23DBF0B5006A9C0C /* Controller */,
				DD0B8C2A23D87AB400B76627 /* AppDelegate.swift */,
				DD0B8C2C23D87AB400B76627 /* SceneDelegate.swift */,
				DD0B8C3023D87AB400B76627 /* Main.storyboard */,
				DD0B8C3323D87AB500B76627 /* Assets.xcassets */,
				DD0B8C3523D87AB500B76627 /* LaunchScreen.storyboard */,
				DD0B8C3823D87AB500B76627 /* Info.plist */,
				DD0B8C3E23D87C9E00B76627 /* GoogleService-Info.plist */,
			);
			path = RNDM;
			sourceTree = "<group>";
		};
		DD55911B23DBF0B5006A9C0C /* Controller */ = {
			isa = PBXGroup;
			children = (
				DD0B8C2E23D87AB400B76627 /* MainVC.swift */,
				DD55911923DBF060006A9C0C /* AddThoughtVC.swift */,
				DD5DD5B623E08AE0007A9502 /* LoginVC.swift */,
				DDD1E53423E5447900968D6A /* CreateUserVC.swift */,
			);
			path = Controller;
			sourceTree = "<group>";
		};
		DD55911C23DBF0D4006A9C0C /* Model */ = {
			isa = PBXGroup;
			children = (
				DD8CF39123DD2DCB0078D348 /* Thought.swift */,
			);
			path = Model;
			sourceTree = "<group>";
		};
		DD55911D23DBF0DD006A9C0C /* View */ = {
			isa = PBXGroup;
			children = (
				DD8CF39323DD377B0078D348 /* ThoughtCell.swift */,
			);
			path = View;
			sourceTree = "<group>";
		};
		DD8CF38E23DC3E610078D348 /* Utilities */ = {
			isa = PBXGroup;
			children = (
				DD8CF38F23DC3E750078D348 /* Constants.swift */,
			);
			path = Utilities;
			sourceTree = "<group>";
		};
/* End PBXGroup section */

/* Begin PBXNativeTarget section */
		DD0B8C2623D87AB400B76627 /* RNDM */ = {
			isa = PBXNativeTarget;
			buildConfigurationList = DD0B8C3B23D87AB500B76627 /* Build configuration list for PBXNativeTarget "RNDM" */;
			buildPhases = (
				6E1572BF976A6D0BAB2999DC /* [CP] Check Pods Manifest.lock */,
				DD0B8C2323D87AB400B76627 /* Sources */,
				DD0B8C2423D87AB400B76627 /* Frameworks */,
				DD0B8C2523D87AB400B76627 /* Resources */,
				38FF7584F4E1B4C2C863CED2 /* [CP] Embed Pods Frameworks */,
			);
			buildRules = (
			);
			dependencies = (
			);
			name = RNDM;
			productName = RNDM;
			productReference = DD0B8C2723D87AB400B76627 /* RNDM.app */;
			productType = "com.apple.product-type.application";
		};
/* End PBXNativeTarget section */

/* Begin PBXProject section */
		DD0B8C1F23D87AB400B76627 /* Project object */ = {
			isa = PBXProject;
			attributes = {
				LastSwiftUpdateCheck = 1130;
				LastUpgradeCheck = 1130;
				ORGANIZATIONNAME = "原田悠嗣";
				TargetAttributes = {
					DD0B8C2623D87AB400B76627 = {
						CreatedOnToolsVersion = 11.3.1;
					};
				};
			};
			buildConfigurationList = DD0B8C2223D87AB400B76627 /* Build configuration list for PBXProject "RNDM" */;
			compatibilityVersion = "Xcode 9.3";
			developmentRegion = en;
			hasScannedForEncodings = 0;
			knownRegions = (
				en,
				Base,
			);
			mainGroup = DD0B8C1E23D87AB400B76627;
			productRefGroup = DD0B8C2823D87AB400B76627 /* Products */;
			projectDirPath = "";
			projectRoot = "";
			targets = (
				DD0B8C2623D87AB400B76627 /* RNDM */,
			);
		};
/* End PBXProject section */

/* Begin PBXResourcesBuildPhase section */
		DD0B8C2523D87AB400B76627 /* Resources */ = {
			isa = PBXResourcesBuildPhase;
			buildActionMask = 2147483647;
			files = (
				DD0B8C3723D87AB500B76627 /* LaunchScreen.storyboard in Resources */,
				DD0B8C3423D87AB500B76627 /* Assets.xcassets in Resources */,
				DD0B8C3223D87AB400B76627 /* Main.storyboard in Resources */,
				DD0B8C3F23D87C9E00B76627 /* GoogleService-Info.plist in Resources */,
			);
			runOnlyForDeploymentPostprocessing = 0;
		};
/* End PBXResourcesBuildPhase section */

/* Begin PBXShellScriptBuildPhase section */
		38FF7584F4E1B4C2C863CED2 /* [CP] Embed Pods Frameworks */ = {
			isa = PBXShellScriptBuildPhase;
			buildActionMask = 2147483647;
			files = (
			);
			inputFileListPaths = (
				"${PODS_ROOT}/Target Support Files/Pods-RNDM/Pods-RNDM-frameworks-${CONFIGURATION}-input-files.xcfilelist",
			);
			name = "[CP] Embed Pods Frameworks";
			outputFileListPaths = (
				"${PODS_ROOT}/Target Support Files/Pods-RNDM/Pods-RNDM-frameworks-${CONFIGURATION}-output-files.xcfilelist",
			);
			runOnlyForDeploymentPostprocessing = 0;
			shellPath = /bin/sh;
			shellScript = "\"${PODS_ROOT}/Target Support Files/Pods-RNDM/Pods-RNDM-frameworks.sh\"\n";
			showEnvVarsInLog = 0;
		};
		6E1572BF976A6D0BAB2999DC /* [CP] Check Pods Manifest.lock */ = {
			isa = PBXShellScriptBuildPhase;
			buildActionMask = 2147483647;
			files = (
			);
			inputFileListPaths = (
			);
			inputPaths = (
				"${PODS_PODFILE_DIR_PATH}/Podfile.lock",
				"${PODS_ROOT}/Manifest.lock",
			);
			name = "[CP] Check Pods Manifest.lock";
			outputFileListPaths = (
			);
			outputPaths = (
				"$(DERIVED_FILE_DIR)/Pods-RNDM-checkManifestLockResult.txt",
			);
			runOnlyForDeploymentPostprocessing = 0;
			shellPath = /bin/sh;
			shellScript = "diff \"${PODS_PODFILE_DIR_PATH}/Podfile.lock\" \"${PODS_ROOT}/Manifest.lock\" > /dev/null\nif [ $? != 0 ] ; then\n    # print error to STDERR\n    echo \"error: The sandbox is not in sync with the Podfile.lock. Run 'pod install' or update your CocoaPods installation.\" >&2\n    exit 1\nfi\n# This output is used by Xcode 'outputs' to avoid re-running this script phase.\necho \"SUCCESS\" > \"${SCRIPT_OUTPUT_FILE_0}\"\n";
			showEnvVarsInLog = 0;
		};
/* End PBXShellScriptBuildPhase section */

/* Begin PBXSourcesBuildPhase section */
		DD0B8C2323D87AB400B76627 /* Sources */ = {
			isa = PBXSourcesBuildPhase;
			buildActionMask = 2147483647;
			files = (
				DD0B8C2F23D87AB400B76627 /* MainVC.swift in Sources */,
				DD0B8C2B23D87AB400B76627 /* AppDelegate.swift in Sources */,
				DD5DD5B723E08AE0007A9502 /* LoginVC.swift in Sources */,
				DD55911A23DBF060006A9C0C /* AddThoughtVC.swift in Sources */,
				DD8CF39223DD2DCB0078D348 /* Thought.swift in Sources */,
				DD8CF39023DC3E750078D348 /* Constants.swift in Sources */,
				DDD1E53523E5447900968D6A /* CreateUserVC.swift in Sources */,
				DD8CF39423DD377B0078D348 /* ThoughtCell.swift in Sources */,
				DD0B8C2D23D87AB400B76627 /* SceneDelegate.swift in Sources */,
			);
			runOnlyForDeploymentPostprocessing = 0;
		};
/* End PBXSourcesBuildPhase section */

/* Begin PBXVariantGroup section */
		DD0B8C3023D87AB400B76627 /* Main.storyboard */ = {
			isa = PBXVariantGroup;
			children = (
				DD0B8C3123D87AB400B76627 /* Base */,
			);
			name = Main.storyboard;
			sourceTree = "<group>";
		};
		DD0B8C3523D87AB500B76627 /* LaunchScreen.storyboard */ = {
			isa = PBXVariantGroup;
			children = (
				DD0B8C3623D87AB500B76627 /* Base */,
			);
			name = LaunchScreen.storyboard;
			sourceTree = "<group>";
		};
/* End PBXVariantGroup section */

/* Begin XCBuildConfiguration section */
		DD0B8C3923D87AB500B76627 /* Debug */ = {
			isa = XCBuildConfiguration;
			buildSettings = {
				ALWAYS_SEARCH_USER_PATHS = NO;
				CLANG_ANALYZER_NONNULL = YES;
				CLANG_ANALYZER_NUMBER_OBJECT_CONVERSION = YES_AGGRESSIVE;
				CLANG_CXX_LANGUAGE_STANDARD = "gnu++14";
				CLANG_CXX_LIBRARY = "libc++";
				CLANG_ENABLE_MODULES = YES;
				CLANG_ENABLE_OBJC_ARC = YES;
				CLANG_ENABLE_OBJC_WEAK = YES;
				CLANG_WARN_BLOCK_CAPTURE_AUTORELEASING = YES;
				CLANG_WARN_BOOL_CONVERSION = YES;
				CLANG_WARN_COMMA = YES;
				CLANG_WARN_CONSTANT_CONVERSION = YES;
				CLANG_WARN_DEPRECATED_OBJC_IMPLEMENTATIONS = YES;
				CLANG_WARN_DIRECT_OBJC_ISA_USAGE = YES_ERROR;
				CLANG_WARN_DOCUMENTATION_COMMENTS = YES;
				CLANG_WARN_EMPTY_BODY = YES;
				CLANG_WARN_ENUM_CONVERSION = YES;
				CLANG_WARN_INFINITE_RECURSION = YES;
				CLANG_WARN_INT_CONVERSION = YES;
				CLANG_WARN_NON_LITERAL_NULL_CONVERSION = YES;
				CLANG_WARN_OBJC_IMPLICIT_RETAIN_SELF = YES;
				CLANG_WARN_OBJC_LITERAL_CONVERSION = YES;
				CLANG_WARN_OBJC_ROOT_CLASS = YES_ERROR;
				CLANG_WARN_RANGE_LOOP_ANALYSIS = YES;
				CLANG_WARN_STRICT_PROTOTYPES = YES;
				CLANG_WARN_SUSPICIOUS_MOVE = YES;
				CLANG_WARN_UNGUARDED_AVAILABILITY = YES_AGGRESSIVE;
				CLANG_WARN_UNREACHABLE_CODE = YES;
				CLANG_WARN__DUPLICATE_METHOD_MATCH = YES;
				COPY_PHASE_STRIP = NO;
				DEBUG_INFORMATION_FORMAT = dwarf;
				ENABLE_STRICT_OBJC_MSGSEND = YES;
				ENABLE_TESTABILITY = YES;
				GCC_C_LANGUAGE_STANDARD = gnu11;
				GCC_DYNAMIC_NO_PIC = NO;
				GCC_NO_COMMON_BLOCKS = YES;
				GCC_OPTIMIZATION_LEVEL = 0;
				GCC_PREPROCESSOR_DEFINITIONS = (
					"DEBUG=1",
					"$(inherited)",
				);
				GCC_WARN_64_TO_32_BIT_CONVERSION = YES;
				GCC_WARN_ABOUT_RETURN_TYPE = YES_ERROR;
				GCC_WARN_UNDECLARED_SELECTOR = YES;
				GCC_WARN_UNINITIALIZED_AUTOS = YES_AGGRESSIVE;
				GCC_WARN_UNUSED_FUNCTION = YES;
				GCC_WARN_UNUSED_VARIABLE = YES;
				IPHONEOS_DEPLOYMENT_TARGET = 13.2;
				MTL_ENABLE_DEBUG_INFO = INCLUDE_SOURCE;
				MTL_FAST_MATH = YES;
				ONLY_ACTIVE_ARCH = YES;
				SDKROOT = iphoneos;
				SWIFT_ACTIVE_COMPILATION_CONDITIONS = DEBUG;
				SWIFT_OPTIMIZATION_LEVEL = "-Onone";
			};
			name = Debug;
		};
		DD0B8C3A23D87AB500B76627 /* Release */ = {
			isa = XCBuildConfiguration;
			buildSettings = {
				ALWAYS_SEARCH_USER_PATHS = NO;
				CLANG_ANALYZER_NONNULL = YES;
				CLANG_ANALYZER_NUMBER_OBJECT_CONVERSION = YES_AGGRESSIVE;
				CLANG_CXX_LANGUAGE_STANDARD = "gnu++14";
				CLANG_CXX_LIBRARY = "libc++";
				CLANG_ENABLE_MODULES = YES;
				CLANG_ENABLE_OBJC_ARC = YES;
				CLANG_ENABLE_OBJC_WEAK = YES;
				CLANG_WARN_BLOCK_CAPTURE_AUTORELEASING = YES;
				CLANG_WARN_BOOL_CONVERSION = YES;
				CLANG_WARN_COMMA = YES;
				CLANG_WARN_CONSTANT_CONVERSION = YES;
				CLANG_WARN_DEPRECATED_OBJC_IMPLEMENTATIONS = YES;
				CLANG_WARN_DIRECT_OBJC_ISA_USAGE = YES_ERROR;
				CLANG_WARN_DOCUMENTATION_COMMENTS = YES;
				CLANG_WARN_EMPTY_BODY = YES;
				CLANG_WARN_ENUM_CONVERSION = YES;
				CLANG_WARN_INFINITE_RECURSION = YES;
				CLANG_WARN_INT_CONVERSION = YES;
				CLANG_WARN_NON_LITERAL_NULL_CONVERSION = YES;
				CLANG_WARN_OBJC_IMPLICIT_RETAIN_SELF = YES;
				CLANG_WARN_OBJC_LITERAL_CONVERSION = YES;
				CLANG_WARN_OBJC_ROOT_CLASS = YES_ERROR;
				CLANG_WARN_RANGE_LOOP_ANALYSIS = YES;
				CLANG_WARN_STRICT_PROTOTYPES = YES;
				CLANG_WARN_SUSPICIOUS_MOVE = YES;
				CLANG_WARN_UNGUARDED_AVAILABILITY = YES_AGGRESSIVE;
				CLANG_WARN_UNREACHABLE_CODE = YES;
				CLANG_WARN__DUPLICATE_METHOD_MATCH = YES;
				COPY_PHASE_STRIP = NO;
				DEBUG_INFORMATION_FORMAT = "dwarf-with-dsym";
				ENABLE_NS_ASSERTIONS = NO;
				ENABLE_STRICT_OBJC_MSGSEND = YES;
				GCC_C_LANGUAGE_STANDARD = gnu11;
				GCC_NO_COMMON_BLOCKS = YES;
				GCC_WARN_64_TO_32_BIT_CONVERSION = YES;
				GCC_WARN_ABOUT_RETURN_TYPE = YES_ERROR;
				GCC_WARN_UNDECLARED_SELECTOR = YES;
				GCC_WARN_UNINITIALIZED_AUTOS = YES_AGGRESSIVE;
				GCC_WARN_UNUSED_FUNCTION = YES;
				GCC_WARN_UNUSED_VARIABLE = YES;
				IPHONEOS_DEPLOYMENT_TARGET = 13.2;
				MTL_ENABLE_DEBUG_INFO = NO;
				MTL_FAST_MATH = YES;
				SDKROOT = iphoneos;
				SWIFT_COMPILATION_MODE = wholemodule;
				SWIFT_OPTIMIZATION_LEVEL = "-O";
				VALIDATE_PRODUCT = YES;
			};
			name = Release;
		};
		DD0B8C3C23D87AB500B76627 /* Debug */ = {
			isa = XCBuildConfiguration;
			baseConfigurationReference = A53DCCEFB7B58CA0FECF7479 /* Pods-RNDM.debug.xcconfig */;
			buildSettings = {
				ASSETCATALOG_COMPILER_APPICON_NAME = AppIcon;
				CODE_SIGN_STYLE = Automatic;
				DEVELOPMENT_TEAM = 7Y284RH96R;
				INFOPLIST_FILE = RNDM/Info.plist;
				IPHONEOS_DEPLOYMENT_TARGET = 13.0;
				LD_RUNPATH_SEARCH_PATHS = (
					"$(inherited)",
					"@executable_path/Frameworks",
				);
				PRODUCT_BUNDLE_IDENTIFIER = project.RNDM;
				PRODUCT_NAME = "$(TARGET_NAME)";
				SWIFT_VERSION = 5.0;
				TARGETED_DEVICE_FAMILY = "1,2";
			};
			name = Debug;
		};
		DD0B8C3D23D87AB500B76627 /* Release */ = {
			isa = XCBuildConfiguration;
			baseConfigurationReference = B480757135128AD9E1344F0C /* Pods-RNDM.release.xcconfig */;
			buildSettings = {
				ASSETCATALOG_COMPILER_APPICON_NAME = AppIcon;
				CODE_SIGN_STYLE = Automatic;
				DEVELOPMENT_TEAM = 7Y284RH96R;
				INFOPLIST_FILE = RNDM/Info.plist;
				IPHONEOS_DEPLOYMENT_TARGET = 13.0;
				LD_RUNPATH_SEARCH_PATHS = (
					"$(inherited)",
					"@executable_path/Frameworks",
				);
				PRODUCT_BUNDLE_IDENTIFIER = project.RNDM;
				PRODUCT_NAME = "$(TARGET_NAME)";
				SWIFT_VERSION = 5.0;
				TARGETED_DEVICE_FAMILY = "1,2";
			};
			name = Release;
		};
/* End XCBuildConfiguration section */

/* Begin XCConfigurationList section */
		DD0B8C2223D87AB400B76627 /* Build configuration list for PBXProject "RNDM" */ = {
			isa = XCConfigurationList;
			buildConfigurations = (
				DD0B8C3923D87AB500B76627 /* Debug */,
				DD0B8C3A23D87AB500B76627 /* Release */,
			);
			defaultConfigurationIsVisible = 0;
			defaultConfigurationName = Release;
		};
		DD0B8C3B23D87AB500B76627 /* Build configuration list for PBXNativeTarget "RNDM" */ = {
			isa = XCConfigurationList;
			buildConfigurations = (
				DD0B8C3C23D87AB500B76627 /* Debug */,
				DD0B8C3D23D87AB500B76627 /* Release */,
			);
			defaultConfigurationIsVisible = 0;
			defaultConfigurationName = Release;
		};
/* End XCConfigurationList section */
	};
	rootObject = DD0B8C1F23D87AB400B76627 /* Project object */;
}
